
Microsoft Visual Studio Solution File, Format Version 12.00
Project("{FAE04EC0-301F-11D3-BF4B-00C04F79EFBC}") = "EasySharp", "EasySharp\EasySharp.csproj", "{0B7A53FB-2B96-4DD0-9E81-29508EEA91B3}"
EndProject
Project("{FAE04EC0-301F-11D3-BF4B-00C04F79EFBC}") = "EasySharp.Demo", "EasySharp.Demo\EasySharp.Demo.csproj", "{6AF3B5FA-B27C-44F2-9E17-785666240004}"
EndProject
Global
	GlobalSection(SolutionConfigurationPlatforms) = preSolution
		Debug|Any CPU = Debug|Any CPU
		Release|Any CPU = Release|Any CPU
	EndGlobalSection
	GlobalSection(ProjectConfigurationPlatforms) = postSolution
		{0B7A53FB-2B96-4DD0-9E81-29508EEA91B3}.Debug|Any CPU.ActiveCfg = Debug|Any CPU
		{0B7A53FB-2B96-4DD0-9E81-29508EEA91B3}.Debug|Any CPU.Build.0 = Debug|Any CPU
		{0B7A53FB-2B96-4DD0-9E81-29508EEA91B3}.Release|Any CPU.ActiveCfg = Release|Any CPU
		{0B7A53FB-2B96-4DD0-9E81-29508EEA91B3}.Release|Any CPU.Build.0 = Release|Any CPU
		{6AF3B5FA-B27C-44F2-9E17-785666240004}.Debug|Any CPU.ActiveCfg = Debug|Any CPU
		{6AF3B5FA-B27C-44F2-9E17-785666240004}.Debug|Any CPU.Build.0 = Debug|Any CPU
		{6AF3B5FA-B27C-44F2-9E17-785666240004}.Release|Any CPU.ActiveCfg = Release|Any CPU
		{6AF3B5FA-B27C-44F2-9E17-785666240004}.Release|Any CPU.Build.0 = Release|Any CPU
	EndGlobalSection
EndGlobal
